
Microsoft Visual Studio Solution File, Format Version 12.00
# Visual Studio Version 17
VisualStudioVersion = 17.2.32616.157
MinimumVisualStudioVersion = 10.0.40219.1
Project("{9A19103F-16F7-4668-BE54-9A1E7A4F7556}") = "GrainTimerDeadlock.Host", "src\GrainTimerDeadlock.Host\GrainTimerDeadlock.Host.csproj", "{4B70AB42-A0CF-4FCB-9643-3C30D758AC53}"
EndProject
Project("{9A19103F-16F7-4668-BE54-9A1E7A4F7556}") = "GrainTimerDeadlock.Grains", "src\GrainTimerDeadlock.Grains\GrainTimerDeadlock.Grains.csproj", "{95F14740-1482-429E-AE7B-CB4256F8A711}"
EndProject
Global
	GlobalSection(SolutionConfigurationPlatforms) = preSolution
		Debug|Any CPU = Debug|Any CPU
		Release|Any CPU = Release|Any CPU
	EndGlobalSection
	GlobalSection(ProjectConfigurationPlatforms) = postSolution
		{4B70AB42-A0CF-4FCB-9643-3C30D758AC53}.Debug|Any CPU.ActiveCfg = Debug|Any CPU
		{4B70AB42-A0CF-4FCB-9643-3C30D758AC53}.Debug|Any CPU.Build.0 = Debug|Any CPU
		{4B70AB42-A0CF-4FCB-9643-3C30D758AC53}.Release|Any CPU.ActiveCfg = Release|Any CPU
		{4B70AB42-A0CF-4FCB-9643-3C30D758AC53}.Release|Any CPU.Build.0 = Release|Any CPU
		{95F14740-1482-429E-AE7B-CB4256F8A711}.Debug|Any CPU.ActiveCfg = Debug|Any CPU
		{95F14740-1482-429E-AE7B-CB4256F8A711}.Debug|Any CPU.Build.0 = Debug|Any CPU
		{95F14740-1482-429E-AE7B-CB4256F8A711}.Release|Any CPU.ActiveCfg = Release|Any CPU
		{95F14740-1482-429E-AE7B-CB4256F8A711}.Release|Any CPU.Build.0 = Release|Any CPU
	EndGlobalSection
	GlobalSection(SolutionProperties) = preSolution
		HideSolutionNode = FALSE
	EndGlobalSection
	GlobalSection(ExtensibilityGlobals) = postSolution
		SolutionGuid = {68AA6607-A7B7-4FFB-B178-DC433DCEAF1C}
	EndGlobalSection
EndGlobal
